
Microsoft Visual Studio Solution File, Format Version 12.00
# Visual Studio Version 16
VisualStudioVersion = 16.0.30011.22
MinimumVisualStudioVersion = 10.0.40219.1
Project("{FAE04EC0-301F-11D3-BF4B-00C04F79EFBC}") = "Task_1_2_String_Not_Sting", "Task_1_2_String_Not_Sting\Task_1_2_String_Not_Sting.csproj", "{FE388EBD-77EE-405F-9404-1D84E606C7A2}"
EndProject
Global
	GlobalSection(SolutionConfigurationPlatforms) = preSolution
		Debug|Any CPU = Debug|Any CPU
		Release|Any CPU = Release|Any CPU
	EndGlobalSection
	GlobalSection(ProjectConfigurationPlatforms) = postSolution
		{FE388EBD-77EE-405F-9404-1D84E606C7A2}.Debug|Any CPU.ActiveCfg = Debug|Any CPU
		{FE388EBD-77EE-405F-9404-1D84E606C7A2}.Debug|Any CPU.Build.0 = Debug|Any CPU
		{FE388EBD-77EE-405F-9404-1D84E606C7A2}.Release|Any CPU.ActiveCfg = Release|Any CPU
		{FE388EBD-77EE-405F-9404-1D84E606C7A2}.Release|Any CPU.Build.0 = Release|Any CPU
	EndGlobalSection
	GlobalSection(SolutionProperties) = preSolution
		HideSolutionNode = FALSE
	EndGlobalSection
	GlobalSection(ExtensibilityGlobals) = postSolution
		SolutionGuid = {D156E6CA-9C0C-4DF0-B37D-3034D94DA3C9}
	EndGlobalSection
EndGlobal
